
Microsoft Visual Studio Solution File, Format Version 12.00
# Visual Studio Version 17
VisualStudioVersion = 17.5.002.0
MinimumVisualStudioVersion = 10.0.40219.1
Project("{9A19103F-16F7-4668-BE54-9A1E7A4F7556}") = "CSharp_Visual_Studio", "CSharp_Visual_Studio.csproj", "{B51AA55E-962D-4555-88C5-09B820B0C0A8}"
EndProject
Global
	GlobalSection(SolutionConfigurationPlatforms) = preSolution
		Debug|Any CPU = Debug|Any CPU
		Release|Any CPU = Release|Any CPU
	EndGlobalSection
	GlobalSection(ProjectConfigurationPlatforms) = postSolution
		{B51AA55E-962D-4555-88C5-09B820B0C0A8}.Debug|Any CPU.ActiveCfg = Debug|Any CPU
		{B51AA55E-962D-4555-88C5-09B820B0C0A8}.Debug|Any CPU.Build.0 = Debug|Any CPU
		{B51AA55E-962D-4555-88C5-09B820B0C0A8}.Release|Any CPU.ActiveCfg = Release|Any CPU
		{B51AA55E-962D-4555-88C5-09B820B0C0A8}.Release|Any CPU.Build.0 = Release|Any CPU
	EndGlobalSection
	GlobalSection(SolutionProperties) = preSolution
		HideSolutionNode = FALSE
	EndGlobalSection
	GlobalSection(ExtensibilityGlobals) = postSolution
		SolutionGuid = {2C55084E-03EE-480F-8CFE-D78880D68736}
	EndGlobalSection
EndGlobal
